// !$*UTF8*$!
{
	archiveVersion = 1;
	classes = {
	};
	objectVersion = 46;
	objects = {

/* Begin PBXBuildFile section */
		86001C641E810E5100D1400A /* main.m in Sources */ = {isa = PBXBuildFile; fileRef = 86001C631E810E5100D1400A /* main.m */; };
		86001C671E810E5100D1400A /* AppDelegate.m in Sources */ = {isa = PBXBuildFile; fileRef = 86001C661E810E5100D1400A /* AppDelegate.m */; };
		86001C6A1E810E5100D1400A /* ViewController.m in Sources */ = {isa = PBXBuildFile; fileRef = 86001C691E810E5100D1400A /* ViewController.m */; };
		86001C6D1E810E5100D1400A /* Main.storyboard in Resources */ = {isa = PBXBuildFile; fileRef = 86001C6B1E810E5100D1400A /* Main.storyboard */; };
		86001C6F1E810E5100D1400A /* Assets.xcassets in Resources */ = {isa = PBXBuildFile; fileRef = 86001C6E1E810E5100D1400A /* Assets.xcassets */; };
		86001C721E810E5100D1400A /* LaunchScreen.storyboard in Resources */ = {isa = PBXBuildFile; fileRef = 86001C701E810E5100D1400A /* LaunchScreen.storyboard */; };
/* End PBXBuildFile section */

/* Begin PBXFileReference section */
		86001C5F1E810E5100D1400A /* UserDefaults.app */ = {isa = PBXFileReference; explicitFileType = wrapper.application; includeInIndex = 0; path = UserDefaults.app; sourceTree = BUILT_PRODUCTS_DIR; };
		86001C631E810E5100D1400A /* main.m */ = {isa = PBXFileReference; lastKnownFileType = sourcecode.c.objc; path = main.m; sourceTree = "<group>"; };
		86001C651E810E5100D1400A /* AppDelegate.h */ = {isa = PBXFileReference; lastKnownFileType = sourcecode.c.h; path = AppDelegate.h; sourceTree = "<group>"; };
		86001C661E810E5100D1400A /* AppDelegate.m */ = {isa = PBXFileReference; lastKnownFileType = sourcecode.c.objc; path = AppDelegate.m; sourceTree = "<group>"; };
		86001C681E810E5100D1400A /* ViewController.h */ = {isa = PBXFileReference; lastKnownFileType = sourcecode.c.h; path = ViewController.h; sourceTree = "<group>"; };
		86001C691E810E5100D1400A /* ViewController.m */ = {isa = PBXFileReference; lastKnownFileType = sourcecode.c.objc; path = ViewController.m; sourceTree = "<group>"; };
		86001C6C1E810E5100D1400A /* Base */ = {isa = PBXFileReference; lastKnownFileType = file.storyboard; name = Base; path = Base.lproj/Main.storyboard; sourceTree = "<group>"; };
		86001C6E1E810E5100D1400A /* Assets.xcassets */ = {isa = PBXFileReference; lastKnownFileType = folder.assetcatalog; path = Assets.xcassets; sourceTree = "<group>"; };
		86001C711E810E5100D1400A /* Base */ = {isa = PBXFileReference; lastKnownFileType = file.storyboard; name = Base; path = Base.lproj/LaunchScreen.storyboard; sourceTree = "<group>"; };
		86001C731E810E5100D1400A /* Info.plist */ = {isa = PBXFileReference; lastKnownFileType = text.plist.xml; path = Info.plist; sourceTree = "<group>"; };
/* End PBXFileReference section */

/* Begin PBXFrameworksBuildPhase section */
		86001C5C1E810E5100D1400A /* Frameworks */ = {
			isa = PBXFrameworksBuildPhase;
			buildActionMask = 2147483647;
			files = (
			);
			runOnlyForDeploymentPostprocessing = 0;
		};
/* End PBXFrameworksBuildPhase section */

/* Begin PBXGroup section */
		86001C561E810E5100D1400A = {
			isa = PBXGroup;
			children = (
				86001C611E810E5100D1400A /* UserDefaults */,
				86001C601E810E5100D1400A /* Products */,
			);
			sourceTree = "<group>";
		};
		86001C601E810E5100D1400A /* Products */ = {
			isa = PBXGroup;
			children = (
				86001C5F1E810E5100D1400A /* UserDefaults.app */,
			);
			name = Products;
			sourceTree = "<group>";
		};
		86001C611E810E5100D1400A /* UserDefaults */ = {
			isa = PBXGroup;
			children = (
				86001C651E810E5100D1400A /* AppDelegate.h */,
				86001C661E810E5100D1400A /* AppDelegate.m */,
				86001C681E810E5100D1400A /* ViewController.h */,
				86001C691E810E5100D1400A /* ViewController.m */,
				86001C6B1E810E5100D1400A /* Main.storyboard */,
				86001C6E1E810E5100D1400A /* Assets.xcassets */,
				86001C701E810E5100D1400A /* LaunchScreen.storyboard */,
				86001C731E810E5100D1400A /* Info.plist */,
				86001C621E810E5100D1400A /* Supporting Files */,
			);
			path = UserDefaults;
			sourceTree = "<group>";
		};
		86001C621E810E5100D1400A /* Supporting Files */ = {
			isa = PBXGroup;
			children = (
				86001C631E810E5100D1400A /* main.m */,
			);
			name = "Supporting Files";
			sourceTree = "<group>";
		};
/* End PBXGroup section */

/* Begin PBXNativeTarget section */
		86001C5E1E810E5100D1400A /* UserDefaults */ = {
			isa = PBXNativeTarget;
			buildConfigurationList = 86001C761E810E5100D1400A /* Build configuration list for PBXNativeTarget "UserDefaults" */;
			buildPhases = (
				86001C5B1E810E5100D1400A /* Sources */,
				86001C5C1E810E5100D1400A /* Frameworks */,
				86001C5D1E810E5100D1400A /* Resources */,
			);
			buildRules = (
			);
			dependencies = (
			);
			name = UserDefaults;
			productName = UserDefaults;
			productReference = 86001C5F1E810E5100D1400A /* UserDefaults.app */;
			productType = "com.apple.product-type.application";
		};
/* End PBXNativeTarget section */

/* Begin PBXProject section */
		86001C571E810E5100D1400A /* Project object */ = {
			isa = PBXProject;
			attributes = {
				LastUpgradeCheck = 0820;
				ORGANIZATIONNAME = hihfy;
				TargetAttributes = {
					86001C5E1E810E5100D1400A = {
						CreatedOnToolsVersion = 8.2.1;
						DevelopmentTeam = H3Q93CC4TX;
						ProvisioningStyle = Automatic;
					};
				};
			};
			buildConfigurationList = 86001C5A1E810E5100D1400A /* Build configuration list for PBXProject "UserDefaults" */;
			compatibilityVersion = "Xcode 3.2";
			developmentRegion = English;
			hasScannedForEncodings = 0;
			knownRegions = (
				en,
				Base,
			);
			mainGroup = 86001C561E810E5100D1400A;
			productRefGroup = 86001C601E810E5100D1400A /* Products */;
			projectDirPath = "";
			projectRoot = "";
			targets = (
				86001C5E1E810E5100D1400A /* UserDefaults */,
			);
		};
/* End PBXProject section */

/* Begin PBXResourcesBuildPhase section */
		86001C5D1E810E5100D1400A /* Resources */ = {
			isa = PBXResourcesBuildPhase;
			buildActionMask = 2147483647;
			files = (
				86001C721E810E5100D1400A /* LaunchScreen.storyboard in Resources */,
				86001C6F1E810E5100D1400A /* Assets.xcassets in Resources */,
				86001C6D1E810E5100D1400A /* Main.storyboard in Resources */,
			);
			runOnlyForDeploymentPostprocessing = 0;
		};
/* End PBXResourcesBuildPhase section */

/* Begin PBXSourcesBuildPhase section */
		86001C5B1E810E5100D1400A /* Sources */ = {
			isa = PBXSourcesBuildPhase;
			buildActionMask = 2147483647;
			files = (
				86001C6A1E810E5100D1400A /* ViewController.m in Sources */,
				86001C671E810E5100D1400A /* AppDelegate.m in Sources */,
				86001C641E810E5100D1400A /* main.m in Sources */,
			);
			runOnlyForDeploymentPostprocessing = 0;
		};
/* End PBXSourcesBuildPhase section */

/* Begin PBXVariantGroup section */
		86001C6B1E810E5100D1400A /* Main.storyboard */ = {
			isa = PBXVariantGroup;
			children = (
				86001C6C1E810E5100D1400A /* Base */,
			);
			name = Main.storyboard;
			sourceTree = "<group>";
		};
		86001C701E810E5100D1400A /* LaunchScreen.storyboard */ = {
			isa = PBXVariantGroup;
			children = (
				86001C711E810E5100D1400A /* Base */,
			);
			name = LaunchScreen.storyboard;
			sourceTree = "<group>";
		};
/* End PBXVariantGroup section */

/* Begin XCBuildConfiguration section */
		86001C741E810E5100D1400A /* Debug */ = {
			isa = XCBuildConfiguration;
			buildSettings = {
				ALWAYS_SEARCH_USER_PATHS = NO;
				CLANG_ANALYZER_NONNULL = YES;
				CLANG_CXX_LANGUAGE_STANDARD = "gnu++0x";
				CLANG_CXX_LIBRARY = "libc++";
				CLANG_ENABLE_MODULES = YES;
				CLANG_ENABLE_OBJC_ARC = YES;
				CLANG_WARN_BOOL_CONVERSION = YES;
				CLANG_WARN_CONSTANT_CONVERSION = YES;
				CLANG_WARN_DIRECT_OBJC_ISA_USAGE = YES_ERROR;
				CLANG_WARN_DOCUMENTATION_COMMENTS = YES;
				CLANG_WARN_EMPTY_BODY = YES;
				CLANG_WARN_ENUM_CONVERSION = YES;
				CLANG_WARN_INFINITE_RECURSION = YES;
				CLANG_WARN_INT_CONVERSION = YES;
				CLANG_WARN_OBJC_ROOT_CLASS = YES_ERROR;
				CLANG_WARN_SUSPICIOUS_MOVE = YES;
				CLANG_WARN_UNREACHABLE_CODE = YES;
				CLANG_WARN__DUPLICATE_METHOD_MATCH = YES;
				"CODE_SIGN_IDENTITY[sdk=iphoneos*]" = "iPhone Developer";
				COPY_PHASE_STRIP = NO;
				DEBUG_INFORMATION_FORMAT = dwarf;
				ENABLE_STRICT_OBJC_MSGSEND = YES;
				ENABLE_TESTABILITY = YES;
				GCC_C_LANGUAGE_STANDARD = gnu99;
				GCC_DYNAMIC_NO_PIC = NO;
				GCC_NO_COMMON_BLOCKS = YES;
				GCC_OPTIMIZATION_LEVEL = 0;
				GCC_PREPROCESSOR_DEFINITIONS = (
					"DEBUG=1",
					"$(inherited)",
				);
				GCC_WARN_64_TO_32_BIT_CONVERSION = YES;
				GCC_WARN_ABOUT_RETURN_TYPE = YES_ERROR;
				GCC_WARN_UNDECLARED_SELECTOR = YES;
				GCC_WARN_UNINITIALIZED_AUTOS = YES_AGGRESSIVE;
				GCC_WARN_UNUSED_FUNCTION = YES;
				GCC_WARN_UNUSED_VARIABLE = YES;
				IPHONEOS_DEPLOYMENT_TARGET = 10.2;
				MTL_ENABLE_DEBUG_INFO = YES;
				ONLY_ACTIVE_ARCH = YES;
				SDKROOT = iphoneos;
				TARGETED_DEVICE_FAMILY = "1,2";
			};
			name = Debug;
		};
		86001C751E810E5100D1400A /* Release */ = {
			isa = XCBuildConfiguration;
			buildSettings = {
				ALWAYS_SEARCH_USER_PATHS = NO;
				CLANG_ANALYZER_NONNULL = YES;
				CLANG_CXX_LANGUAGE_STANDARD = "gnu++0x";
				CLANG_CXX_LIBRARY = "libc++";
				CLANG_ENABLE_MODULES = YES;
				CLANG_ENABLE_OBJC_ARC = YES;
				CLANG_WARN_BOOL_CONVERSION = YES;
				CLANG_WARN_CONSTANT_CONVERSION = YES;
				CLANG_WARN_DIRECT_OBJC_ISA_USAGE = YES_ERROR;
				CLANG_WARN_DOCUMENTATION_COMMENTS = YES;
				CLANG_WARN_EMPTY_BODY = YES;
				CLANG_WARN_ENUM_CONVERSION = YES;
				CLANG_WARN_INFINITE_RECURSION = YES;
				CLANG_WARN_INT_CONVERSION = YES;
				CLANG_WARN_OBJC_ROOT_CLASS = YES_ERROR;
				CLANG_WARN_SUSPICIOUS_MOVE = YES;
				CLANG_WARN_UNREACHABLE_CODE = YES;
				CLANG_WARN__DUPLICATE_METHOD_MATCH = YES;
				"CODE_SIGN_IDENTITY[sdk=iphoneos*]" = "iPhone Developer";
				COPY_PHASE_STRIP = NO;
				DEBUG_INFORMATION_FORMAT = "dwarf-with-dsym";
				ENABLE_NS_ASSERTIONS = NO;
				ENABLE_STRICT_OBJC_MSGSEND = YES;
				GCC_C_LANGUAGE_STANDARD = gnu99;
				GCC_NO_COMMON_BLOCKS = YES;
				GCC_WARN_64_TO_32_BIT_CONVERSION = YES;
				GCC_WARN_ABOUT_RETURN_TYPE = YES_ERROR;
				GCC_WARN_UNDECLARED_SELECTOR = YES;
				GCC_WARN_UNINITIALIZED_AUTOS = YES_AGGRESSIVE;
				GCC_WARN_UNUSED_FUNCTION = YES;
				GCC_WARN_UNUSED_VARIABLE = YES;
				IPHONEOS_DEPLOYMENT_TARGET = 10.2;
				MTL_ENABLE_DEBUG_INFO = NO;
				SDKROOT = iphoneos;
				TARGETED_DEVICE_FAMILY = "1,2";
				VALIDATE_PRODUCT = YES;
			};
			name = Release;
		};
		86001C771E810E5100D1400A /* Debug */ = {
			isa = XCBuildConfiguration;
			buildSettings = {
				ASSETCATALOG_COMPILER_APPICON_NAME = AppIcon;
				"CODE_SIGN_IDENTITY[sdk=iphoneos*]" = "iPhone Developer";
				DEVELOPMENT_TEAM = H3Q93CC4TX;
				INFOPLIST_FILE = UserDefaults/Info.plist;
				IPHONEOS_DEPLOYMENT_TARGET = 8.0;
				LD_RUNPATH_SEARCH_PATHS = "$(inherited) @executable_path/Frameworks";
				PRODUCT_BUNDLE_IDENTIFIER = com.hihfy.UserDefaults;
				PRODUCT_NAME = "$(TARGET_NAME)";
				PROVISIONING_PROFILE = "";
				PROVISIONING_PROFILE_SPECIFIER = "";
			};
			name = Debug;
		};
		86001C781E810E5100D1400A /* Release */ = {
			isa = XCBuildConfiguration;
			buildSettings = {
				ASSETCATALOG_COMPILER_APPICON_NAME = AppIcon;
				"CODE_SIGN_IDENTITY[sdk=iphoneos*]" = "iPhone Developer";
				DEVELOPMENT_TEAM = H3Q93CC4TX;
				INFOPLIST_FILE = UserDefaults/Info.plist;
				IPHONEOS_DEPLOYMENT_TARGET = 8.0;
				LD_RUNPATH_SEARCH_PATHS = "$(inherited) @executable_path/Frameworks";
				PRODUCT_BUNDLE_IDENTIFIER = com.hihfy.UserDefaults;
				PRODUCT_NAME = "$(TARGET_NAME)";
			};
			name = Release;
		};
/* End XCBuildConfiguration section */

/* Begin XCConfigurationList section */
		86001C5A1E810E5100D1400A /* Build configuration list for PBXProject "UserDefaults" */ = {
			isa = XCConfigurationList;
			buildConfigurations = (
				86001C741E810E5100D1400A /* Debug */,
				86001C751E810E5100D1400A /* Release */,
			);
			defaultConfigurationIsVisible = 0;
			defaultConfigurationName = Release;
		};
		86001C761E810E5100D1400A /* Build configuration list for PBXNativeTarget "UserDefaults" */ = {
			isa = XCConfigurationList;
			buildConfigurations = (
				86001C771E810E5100D1400A /* Debug */,
				86001C781E810E5100D1400A /* Release */,
			);
			defaultConfigurationIsVisible = 0;
		};
/* End XCConfigurationList section */
	};
	rootObject = 86001C571E810E5100D1400A /* Project object */;
}
